
Microsoft Visual Studio Solution File, Format Version 12.00
# Visual Studio Version 18
VisualStudioVersion = 18.4.11519.219
MinimumVisualStudioVersion = 10.0.40219.1
Project("{2150E333-8FDC-42A3-9474-1A3956D46DE8}") = "src", "src", "{827E0CD3-B72D-47B6-A68D-7590B98EB39B}"
EndProject
Project("{2150E333-8FDC-42A3-9474-1A3956D46DE8}") = "Services", "Services", "{984BB9B3-3FA3-BE33-9484-CAC21695A33C}"
EndProject
Project("{2150E333-8FDC-42A3-9474-1A3956D46DE8}") = "Catalog", "Catalog", "{C91C1CF1-1625-0789-F869-53D87D6277BA}"
EndProject
Project("{FAE04EC0-301F-11D3-BF4B-00C04F79EFBC}") = "Catalog.API", "src\Services\Catalog\Catalog.API\Catalog.API.csproj", "{A06AE9B0-071D-41DB-AC7F-7B446451D7CA}"
EndProject
Project("{FAE04EC0-301F-11D3-BF4B-00C04F79EFBC}") = "Catalog.Application", "src\Services\Catalog\Catalog.Application\Catalog.Application.csproj", "{13952B9C-B6E7-44F2-975D-CE4A0C80B143}"
EndProject
Project("{FAE04EC0-301F-11D3-BF4B-00C04F79EFBC}") = "Catalog.Domain", "src\Services\Catalog\Catalog.Domain\Catalog.Domain.csproj", "{975FF60D-5EC0-4B69-B0BC-D9DBD73E0384}"
EndProject
Project("{FAE04EC0-301F-11D3-BF4B-00C04F79EFBC}") = "Catalog.Infrastructure", "src\Services\Catalog\Catalog.Infrastructure\Catalog.Infrastructure.csproj", "{38589E81-A6A3-4105-BC1B-E8269C1C1F92}"
EndProject
Project("{2150E333-8FDC-42A3-9474-1A3956D46DE8}") = "Order", "Order", "{B851199A-4979-E597-3D50-97AC5992BBAF}"
EndProject
Project("{FAE04EC0-301F-11D3-BF4B-00C04F79EFBC}") = "Order.Infrastructure", "src\Services\Order\Order.Infrastructure\Order.Infrastructure.csproj", "{942BC7CD-7539-407B-BD5A-DA593051F474}"
EndProject
Project("{FAE04EC0-301F-11D3-BF4B-00C04F79EFBC}") = "Order.Domain", "src\Services\Order\Order.Domain\Order.Domain.csproj", "{D81F93E8-64B8-4B85-9E90-C8252AAEBEAF}"
EndProject
Project("{FAE04EC0-301F-11D3-BF4B-00C04F79EFBC}") = "Order.API", "src\Services\Order\Order.API\Order.API.csproj", "{C91048A3-D24D-4213-94F5-BA7B033A24CF}"
EndProject
Project("{FAE04EC0-301F-11D3-BF4B-00C04F79EFBC}") = "Order.Application", "src\Services\Order\Order.Application\Order.Application.csproj", "{0555AB04-85A0-486A-9531-04E5B94C921C}"
EndProject
Project("{2150E333-8FDC-42A3-9474-1A3956D46DE8}") = "Inventory", "Inventory", "{CA15E31E-CB60-F235-5CDF-2E527A86A72C}"
EndProject
Project("{FAE04EC0-301F-11D3-BF4B-00C04F79EFBC}") = "Inventory.Application", "src\Services\Inventory\Inventory.Application\Inventory.Application.csproj", "{0CA77990-8892-4152-B20B-CFF86FD2D697}"
EndProject
Project("{FAE04EC0-301F-11D3-BF4B-00C04F79EFBC}") = "Inventory.API", "src\Services\Inventory\Inventory.API\Inventory.API.csproj", "{5A73AFBB-CD57-4598-94FE-1DD42D2C1478}"
EndProject
Project("{FAE04EC0-301F-11D3-BF4B-00C04F79EFBC}") = "Inventory.Domain", "src\Services\Inventory\Inventory.Domain\Inventory.Domain.csproj", "{D2831C9D-93E4-421D-9F2A-C3D5C98795FE}"
EndProject
Project("{FAE04EC0-301F-11D3-BF4B-00C04F79EFBC}") = "Inventory.Infrastructure", "src\Services\Inventory\Inventory.Infrastructure\Inventory.Infrastructure.csproj", "{D5AC61C3-46FE-49C2-9283-1421A3A7ABDA}"
EndProject
Project("{2150E333-8FDC-42A3-9474-1A3956D46DE8}") = "Cart", "Cart", "{A9FD33CB-8A89-53B5-8D69-74AB4C88B43A}"
EndProject
Project("{FAE04EC0-301F-11D3-BF4B-00C04F79EFBC}") = "Cart.Domain", "src\Services\Cart\Cart.Domain\Cart.Domain.csproj", "{ECD58EAB-742A-4390-985F-0A01A9F7948D}"
EndProject
Project("{FAE04EC0-301F-11D3-BF4B-00C04F79EFBC}") = "Cart.API", "src\Services\Cart\Cart.API\Cart.API.csproj", "{E3EBADA7-7B9A-46F6-8424-C0AF05064F5B}"
EndProject
Project("{FAE04EC0-301F-11D3-BF4B-00C04F79EFBC}") = "Cart.Application", "src\Services\Cart\Cart.Application\Cart.Application.csproj", "{94FC18BA-9BED-46AE-B93B-4A3DCDA66E1F}"
EndProject
Project("{FAE04EC0-301F-11D3-BF4B-00C04F79EFBC}") = "Cart.Infrastructure", "src\Services\Cart\Cart.Infrastructure\Cart.Infrastructure.csproj", "{052C38D6-B00A-439E-84B7-6105FA75C9D2}"
EndProject
Project("{2150E333-8FDC-42A3-9474-1A3956D46DE8}") = "Payment", "Payment", "{3FB03296-F262-2760-9861-73C41AF3766C}"
EndProject
Project("{FAE04EC0-301F-11D3-BF4B-00C04F79EFBC}") = "Payment.API", "src\Services\Payment\Payment.API\Payment.API.csproj", "{D7F8ED9C-0B22-4F5E-9243-835AD73F5915}"
EndProject
Project("{FAE04EC0-301F-11D3-BF4B-00C04F79EFBC}") = "Payment.Application", "src\Services\Payment\Payment.Application\Payment.Application.csproj", "{C463EC79-875D-4BA5-9F39-B1751227F824}"
EndProject
Project("{FAE04EC0-301F-11D3-BF4B-00C04F79EFBC}") = "Payment.Domain", "src\Services\Payment\Payment.Domain\Payment.Domain.csproj", "{3DE839E8-1774-4360-90D0-B69B5854D721}"
EndProject
Project("{FAE04EC0-301F-11D3-BF4B-00C04F79EFBC}") = "Payment.Infrastructure", "src\Services\Payment\Payment.Infrastructure\Payment.Infrastructure.csproj", "{F799AE1E-1988-4516-8E42-5DEA8E2F1EAA}"
EndProject
Project("{2150E333-8FDC-42A3-9474-1A3956D46DE8}") = "Identity", "Identity", "{1BFC9479-12BF-35C3-06B8-42D89D95092B}"
EndProject
Project("{FAE04EC0-301F-11D3-BF4B-00C04F79EFBC}") = "Identity.API", "src\Services\Identity\Identity.API\Identity.API.csproj", "{ECD5B8E7-C72D-4B63-92A6-95D6810487D0}"
EndProject
Project("{FAE04EC0-301F-11D3-BF4B-00C04F79EFBC}") = "Identity.Application", "src\Services\Identity\Identity.Application\Identity.Application.csproj", "{E0D644C7-58AF-43F1-A936-A31140274E3E}"
EndProject
Project("{FAE04EC0-301F-11D3-BF4B-00C04F79EFBC}") = "Identity.Domain", "src\Services\Identity\Identity.Domain\Identity.Domain.csproj", "{5B3CC871-4B1B-41B9-80C1-E2B793CBE661}"
EndProject
Project("{FAE04EC0-301F-11D3-BF4B-00C04F79EFBC}") = "Identity.Infrastructure", "src\Services\Identity\Identity.Infrastructure\Identity.Infrastructure.csproj", "{14CB976C-8E23-43BC-A9A7-4F642079CD80}"
EndProject
Project("{2150E333-8FDC-42A3-9474-1A3956D46DE8}") = "Notification", "Notification", "{C5FBE174-8E0F-F5A3-B929-8BD0C55C0A32}"
EndProject
Project("{FAE04EC0-301F-11D3-BF4B-00C04F79EFBC}") = "Notification.API", "src\Services\Notification\Notification.API\Notification.API.csproj", "{B776FD2B-50CC-48E1-B64F-023C7E3F9857}"
EndProject
Project("{FAE04EC0-301F-11D3-BF4B-00C04F79EFBC}") = "Notification.Application", "src\Services\Notification\Notification.Application\Notification.Application.csproj", "{6DBBCF44-7303-4F40-BC72-6D3740D51AC7}"
EndProject
Project("{FAE04EC0-301F-11D3-BF4B-00C04F79EFBC}") = "Notification.Domain", "src\Services\Notification\Notification.Domain\Notification.Domain.csproj", "{C6D83C55-D579-4137-94F0-1B3820C49E68}"
EndProject
Project("{FAE04EC0-301F-11D3-BF4B-00C04F79EFBC}") = "Notification.Infrastructure", "src\Services\Notification\Notification.Infrastructure\Notification.Infrastructure.csproj", "{FE3A8F04-8D6B-4436-A0E0-F845FCDB067B}"
EndProject
Global
	GlobalSection(SolutionConfigurationPlatforms) = preSolution
		Debug|Any CPU = Debug|Any CPU
		Debug|x64 = Debug|x64
		Debug|x86 = Debug|x86
		Release|Any CPU = Release|Any CPU
		Release|x64 = Release|x64
		Release|x86 = Release|x86
	EndGlobalSection
	GlobalSection(ProjectConfigurationPlatforms) = postSolution
		{A06AE9B0-071D-41DB-AC7F-7B446451D7CA}.Debug|Any CPU.ActiveCfg = Debug|Any CPU
		{A06AE9B0-071D-41DB-AC7F-7B446451D7CA}.Debug|Any CPU.Build.0 = Debug|Any CPU
		{A06AE9B0-071D-41DB-AC7F-7B446451D7CA}.Debug|x64.ActiveCfg = Debug|Any CPU
		{A06AE9B0-071D-41DB-AC7F-7B446451D7CA}.Debug|x64.Build.0 = Debug|Any CPU
		{A06AE9B0-071D-41DB-AC7F-7B446451D7CA}.Debug|x86.ActiveCfg = Debug|Any CPU
		{A06AE9B0-071D-41DB-AC7F-7B446451D7CA}.Debug|x86.Build.0 = Debug|Any CPU
		{A06AE9B0-071D-41DB-AC7F-7B446451D7CA}.Release|Any CPU.ActiveCfg = Release|Any CPU
		{A06AE9B0-071D-41DB-AC7F-7B446451D7CA}.Release|Any CPU.Build.0 = Release|Any CPU
		{A06AE9B0-071D-41DB-AC7F-7B446451D7CA}.Release|x64.ActiveCfg = Release|Any CPU
		{A06AE9B0-071D-41DB-AC7F-7B446451D7CA}.Release|x64.Build.0 = Release|Any CPU
		{A06AE9B0-071D-41DB-AC7F-7B446451D7CA}.Release|x86.ActiveCfg = Release|Any CPU
		{A06AE9B0-071D-41DB-AC7F-7B446451D7CA}.Release|x86.Build.0 = Release|Any CPU
		{13952B9C-B6E7-44F2-975D-CE4A0C80B143}.Debug|Any CPU.ActiveCfg = Debug|Any CPU
		{13952B9C-B6E7-44F2-975D-CE4A0C80B143}.Debug|Any CPU.Build.0 = Debug|Any CPU
		{13952B9C-B6E7-44F2-975D-CE4A0C80B143}.Debug|x64.ActiveCfg = Debug|Any CPU
		{13952B9C-B6E7-44F2-975D-CE4A0C80B143}.Debug|x64.Build.0 = Debug|Any CPU
		{13952B9C-B6E7-44F2-975D-CE4A0C80B143}.Debug|x86.ActiveCfg = Debug|Any CPU
		{13952B9C-B6E7-44F2-975D-CE4A0C80B143}.Debug|x86.Build.0 = Debug|Any CPU
		{13952B9C-B6E7-44F2-975D-CE4A0C80B143}.Release|Any CPU.ActiveCfg = Release|Any CPU
		{13952B9C-B6E7-44F2-975D-CE4A0C80B143}.Release|Any CPU.Build.0 = Release|Any CPU
		{13952B9C-B6E7-44F2-975D-CE4A0C80B143}.Release|x64.ActiveCfg = Release|Any CPU
		{13952B9C-B6E7-44F2-975D-CE4A0C80B143}.Release|x64.Build.0 = Release|Any CPU
		{13952B9C-B6E7-44F2-975D-CE4A0C80B143}.Release|x86.ActiveCfg = Release|Any CPU
		{13952B9C-B6E7-44F2-975D-CE4A0C80B143}.Release|x86.Build.0 = Release|Any CPU
		{975FF60D-5EC0-4B69-B0BC-D9DBD73E0384}.Debug|Any CPU.ActiveCfg = Debug|Any CPU
		{975FF60D-5EC0-4B69-B0BC-D9DBD73E0384}.Debug|Any CPU.Build.0 = Debug|Any CPU
		{975FF60D-5EC0-4B69-B0BC-D9DBD73E0384}.Debug|x64.ActiveCfg = Debug|Any CPU
		{975FF60D-5EC0-4B69-B0BC-D9DBD73E0384}.Debug|x64.Build.0 = Debug|Any CPU
		{975FF60D-5EC0-4B69-B0BC-D9DBD73E0384}.Debug|x86.ActiveCfg = Debug|Any CPU
		{975FF60D-5EC0-4B69-B0BC-D9DBD73E0384}.Debug|x86.Build.0 = Debug|Any CPU
		{975FF60D-5EC0-4B69-B0BC-D9DBD73E0384}.Release|Any CPU.ActiveCfg = Release|Any CPU
		{975FF60D-5EC0-4B69-B0BC-D9DBD73E0384}.Release|Any CPU.Build.0 = Release|Any CPU
		{975FF60D-5EC0-4B69-B0BC-D9DBD73E0384}.Release|x64.ActiveCfg = Release|Any CPU
		{975FF60D-5EC0-4B69-B0BC-D9DBD73E0384}.Release|x64.Build.0 = Release|Any CPU
		{975FF60D-5EC0-4B69-B0BC-D9DBD73E0384}.Release|x86.ActiveCfg = Release|Any CPU
		{975FF60D-5EC0-4B69-B0BC-D9DBD73E0384}.Release|x86.Build.0 = Release|Any CPU
		{38589E81-A6A3-4105-BC1B-E8269C1C1F92}.Debug|Any CPU.ActiveCfg = Debug|Any CPU
		{38589E81-A6A3-4105-BC1B-E8269C1C1F92}.Debug|Any CPU.Build.0 = Debug|Any CPU
		{38589E81-A6A3-4105-BC1B-E8269C1C1F92}.Debug|x64.ActiveCfg = Debug|Any CPU
		{38589E81-A6A3-4105-BC1B-E8269C1C1F92}.Debug|x64.Build.0 = Debug|Any CPU
		{38589E81-A6A3-4105-BC1B-E8269C1C1F92}.Debug|x86.ActiveCfg = Debug|Any CPU
		{38589E81-A6A3-4105-BC1B-E8269C1C1F92}.Debug|x86.Build.0 = Debug|Any CPU
		{38589E81-A6A3-4105-BC1B-E8269C1C1F92}.Release|Any CPU.ActiveCfg = Release|Any CPU
		{38589E81-A6A3-4105-BC1B-E8269C1C1F92}.Release|Any CPU.Build.0 = Release|Any CPU
		{38589E81-A6A3-4105-BC1B-E8269C1C1F92}.Release|x64.ActiveCfg = Release|Any CPU
		{38589E81-A6A3-4105-BC1B-E8269C1C1F92}.Release|x64.Build.0 = Release|Any CPU
		{38589E81-A6A3-4105-BC1B-E8269C1C1F92}.Release|x86.ActiveCfg = Release|Any CPU
		{38589E81-A6A3-4105-BC1B-E8269C1C1F92}.Release|x86.Build.0 = Release|Any CPU
		{942BC7CD-7539-407B-BD5A-DA593051F474}.Debug|Any CPU.ActiveCfg = Debug|Any CPU
		{942BC7CD-7539-407B-BD5A-DA593051F474}.Debug|Any CPU.Build.0 = Debug|Any CPU
		{942BC7CD-7539-407B-BD5A-DA593051F474}.Debug|x64.ActiveCfg = Debug|Any CPU
		{942BC7CD-7539-407B-BD5A-DA593051F474}.Debug|x64.Build.0 = Debug|Any CPU
		{942BC7CD-7539-407B-BD5A-DA593051F474}.Debug|x86.ActiveCfg = Debug|Any CPU
		{942BC7CD-7539-407B-BD5A-DA593051F474}.Debug|x86.Build.0 = Debug|Any CPU
		{942BC7CD-7539-407B-BD5A-DA593051F474}.Release|Any CPU.ActiveCfg = Release|Any CPU
		{942BC7CD-7539-407B-BD5A-DA593051F474}.Release|Any CPU.Build.0 = Release|Any CPU
		{942BC7CD-7539-407B-BD5A-DA593051F474}.Release|x64.ActiveCfg = Release|Any CPU
		{942BC7CD-7539-407B-BD5A-DA593051F474}.Release|x64.Build.0 = Release|Any CPU
		{942BC7CD-7539-407B-BD5A-DA593051F474}.Release|x86.ActiveCfg = Release|Any CPU
		{942BC7CD-7539-407B-BD5A-DA593051F474}.Release|x86.Build.0 = Release|Any CPU
		{D81F93E8-64B8-4B85-9E90-C8252AAEBEAF}.Debug|Any CPU.ActiveCfg = Debug|Any CPU
		{D81F93E8-64B8-4B85-9E90-C8252AAEBEAF}.Debug|Any CPU.Build.0 = Debug|Any CPU
		{D81F93E8-64B8-4B85-9E90-C8252AAEBEAF}.Debug|x64.ActiveCfg = Debug|Any CPU
		{D81F93E8-64B8-4B85-9E90-C8252AAEBEAF}.Debug|x64.Build.0 = Debug|Any CPU
		{D81F93E8-64B8-4B85-9E90-C8252AAEBEAF}.Debug|x86.ActiveCfg = Debug|Any CPU
		{D81F93E8-64B8-4B85-9E90-C8252AAEBEAF}.Debug|x86.Build.0 = Debug|Any CPU
		{D81F93E8-64B8-4B85-9E90-C8252AAEBEAF}.Release|Any CPU.ActiveCfg = Release|Any CPU
		{D81F93E8-64B8-4B85-9E90-C8252AAEBEAF}.Release|Any CPU.Build.0 = Release|Any CPU
		{D81F93E8-64B8-4B85-9E90-C8252AAEBEAF}.Release|x64.ActiveCfg = Release|Any CPU
		{D81F93E8-64B8-4B85-9E90-C8252AAEBEAF}.Release|x64.Build.0 = Release|Any CPU
		{D81F93E8-64B8-4B85-9E90-C8252AAEBEAF}.Release|x86.ActiveCfg = Release|Any CPU
		{D81F93E8-64B8-4B85-9E90-C8252AAEBEAF}.Release|x86.Build.0 = Release|Any CPU
		{C91048A3-D24D-4213-94F5-BA7B033A24CF}.Debug|Any CPU.ActiveCfg = Debug|Any CPU
		{C91048A3-D24D-4213-94F5-BA7B033A24CF}.Debug|Any CPU.Build.0 = Debug|Any CPU
		{C91048A3-D24D-4213-94F5-BA7B033A24CF}.Debug|x64.ActiveCfg = Debug|Any CPU
		{C91048A3-D24D-4213-94F5-BA7B033A24CF}.Debug|x64.Build.0 = Debug|Any CPU
		{C91048A3-D24D-4213-94F5-BA7B033A24CF}.Debug|x86.ActiveCfg = Debug|Any CPU
		{C91048A3-D24D-4213-94F5-BA7B033A24CF}.Debug|x86.Build.0 = Debug|Any CPU
		{C91048A3-D24D-4213-94F5-BA7B033A24CF}.Release|Any CPU.ActiveCfg = Release|Any CPU
		{C91048A3-D24D-4213-94F5-BA7B033A24CF}.Release|Any CPU.Build.0 = Release|Any CPU
		{C91048A3-D24D-4213-94F5-BA7B033A24CF}.Release|x64.ActiveCfg = Release|Any CPU
		{C91048A3-D24D-4213-94F5-BA7B033A24CF}.Release|x64.Build.0 = Release|Any CPU
		{C91048A3-D24D-4213-94F5-BA7B033A24CF}.Release|x86.ActiveCfg = Release|Any CPU
		{C91048A3-D24D-4213-94F5-BA7B033A24CF}.Release|x86.Build.0 = Release|Any CPU
		{0555AB04-85A0-486A-9531-04E5B94C921C}.Debug|Any CPU.ActiveCfg = Debug|Any CPU
		{0555AB04-85A0-486A-9531-04E5B94C921C}.Debug|Any CPU.Build.0 = Debug|Any CPU
		{0555AB04-85A0-486A-9531-04E5B94C921C}.Debug|x64.ActiveCfg = Debug|Any CPU
		{0555AB04-85A0-486A-9531-04E5B94C921C}.Debug|x64.Build.0 = Debug|Any CPU
		{0555AB04-85A0-486A-9531-04E5B94C921C}.Debug|x86.ActiveCfg = Debug|Any CPU
		{0555AB04-85A0-486A-9531-04E5B94C921C}.Debug|x86.Build.0 = Debug|Any CPU
		{0555AB04-85A0-486A-9531-04E5B94C921C}.Release|Any CPU.ActiveCfg = Release|Any CPU
		{0555AB04-85A0-486A-9531-04E5B94C921C}.Release|Any CPU.Build.0 = Release|Any CPU
		{0555AB04-85A0-486A-9531-04E5B94C921C}.Release|x64.ActiveCfg = Release|Any CPU
		{0555AB04-85A0-486A-9531-04E5B94C921C}.Release|x64.Build.0 = Release|Any CPU
		{0555AB04-85A0-486A-9531-04E5B94C921C}.Release|x86.ActiveCfg = Release|Any CPU
		{0555AB04-85A0-486A-9531-04E5B94C921C}.Release|x86.Build.0 = Release|Any CPU
		{0CA77990-8892-4152-B20B-CFF86FD2D697}.Debug|Any CPU.ActiveCfg = Debug|Any CPU
		{0CA77990-8892-4152-B20B-CFF86FD2D697}.Debug|Any CPU.Build.0 = Debug|Any CPU
		{0CA77990-8892-4152-B20B-CFF86FD2D697}.Debug|x64.ActiveCfg = Debug|Any CPU
		{0CA77990-8892-4152-B20B-CFF86FD2D697}.Debug|x64.Build.0 = Debug|Any CPU
		{0CA77990-8892-4152-B20B-CFF86FD2D697}.Debug|x86.ActiveCfg = Debug|Any CPU
		{0CA77990-8892-4152-B20B-CFF86FD2D697}.Debug|x86.Build.0 = Debug|Any CPU
		{0CA77990-8892-4152-B20B-CFF86FD2D697}.Release|Any CPU.ActiveCfg = Release|Any CPU
		{0CA77990-8892-4152-B20B-CFF86FD2D697}.Release|Any CPU.Build.0 = Release|Any CPU
		{0CA77990-8892-4152-B20B-CFF86FD2D697}.Release|x64.ActiveCfg = Release|Any CPU
		{0CA77990-8892-4152-B20B-CFF86FD2D697}.Release|x64.Build.0 = Release|Any CPU
		{0CA77990-8892-4152-B20B-CFF86FD2D697}.Release|x86.ActiveCfg = Release|Any CPU
		{0CA77990-8892-4152-B20B-CFF86FD2D697}.Release|x86.Build.0 = Release|Any CPU
		{5A73AFBB-CD57-4598-94FE-1DD42D2C1478}.Debug|Any CPU.ActiveCfg = Debug|Any CPU
		{5A73AFBB-CD57-4598-94FE-1DD42D2C1478}.Debug|Any CPU.Build.0 = Debug|Any CPU
		{5A73AFBB-CD57-4598-94FE-1DD42D2C1478}.Debug|x64.ActiveCfg = Debug|Any CPU
		{5A73AFBB-CD57-4598-94FE-1DD42D2C1478}.Debug|x64.Build.0 = Debug|Any CPU
		{5A73AFBB-CD57-4598-94FE-1DD42D2C1478}.Debug|x86.ActiveCfg = Debug|Any CPU
		{5A73AFBB-CD57-4598-94FE-1DD42D2C1478}.Debug|x86.Build.0 = Debug|Any CPU
		{5A73AFBB-CD57-4598-94FE-1DD42D2C1478}.Release|Any CPU.ActiveCfg = Release|Any CPU
		{5A73AFBB-CD57-4598-94FE-1DD42D2C1478}.Release|Any CPU.Build.0 = Release|Any CPU
		{5A73AFBB-CD57-4598-94FE-1DD42D2C1478}.Release|x64.ActiveCfg = Release|Any CPU
		{5A73AFBB-CD57-4598-94FE-1DD42D2C1478}.Release|x64.Build.0 = Release|Any CPU
		{5A73AFBB-CD57-4598-94FE-1DD42D2C1478}.Release|x86.ActiveCfg = Release|Any CPU
		{5A73AFBB-CD57-4598-94FE-1DD42D2C1478}.Release|x86.Build.0 = Release|Any CPU
		{D2831C9D-93E4-421D-9F2A-C3D5C98795FE}.Debug|Any CPU.ActiveCfg = Debug|Any CPU
		{D2831C9D-93E4-421D-9F2A-C3D5C98795FE}.Debug|Any CPU.Build.0 = Debug|Any CPU
		{D2831C9D-93E4-421D-9F2A-C3D5C98795FE}.Debug|x64.ActiveCfg = Debug|Any CPU
		{D2831C9D-93E4-421D-9F2A-C3D5C98795FE}.Debug|x64.Build.0 = Debug|Any CPU
		{D2831C9D-93E4-421D-9F2A-C3D5C98795FE}.Debug|x86.ActiveCfg = Debug|Any CPU
		{D2831C9D-93E4-421D-9F2A-C3D5C98795FE}.Debug|x86.Build.0 = Debug|Any CPU
		{D2831C9D-93E4-421D-9F2A-C3D5C98795FE}.Release|Any CPU.ActiveCfg = Release|Any CPU
		{D2831C9D-93E4-421D-9F2A-C3D5C98795FE}.Release|Any CPU.Build.0 = Release|Any CPU
		{D2831C9D-93E4-421D-9F2A-C3D5C98795FE}.Release|x64.ActiveCfg = Release|Any CPU
		{D2831C9D-93E4-421D-9F2A-C3D5C98795FE}.Release|x64.Build.0 = Release|Any CPU
		{D2831C9D-93E4-421D-9F2A-C3D5C98795FE}.Release|x86.ActiveCfg = Release|Any CPU
		{D2831C9D-93E4-421D-9F2A-C3D5C98795FE}.Release|x86.Build.0 = Release|Any CPU
		{D5AC61C3-46FE-49C2-9283-1421A3A7ABDA}.Debug|Any CPU.ActiveCfg = Debug|Any CPU
		{D5AC61C3-46FE-49C2-9283-1421A3A7ABDA}.Debug|Any CPU.Build.0 = Debug|Any CPU
		{D5AC61C3-46FE-49C2-9283-1421A3A7ABDA}.Debug|x64.ActiveCfg = Debug|Any CPU
		{D5AC61C3-46FE-49C2-9283-1421A3A7ABDA}.Debug|x64.Build.0 = Debug|Any CPU
		{D5AC61C3-46FE-49C2-9283-1421A3A7ABDA}.Debug|x86.ActiveCfg = Debug|Any CPU
		{D5AC61C3-46FE-49C2-9283-1421A3A7ABDA}.Debug|x86.Build.0 = Debug|Any CPU
		{D5AC61C3-46FE-49C2-9283-1421A3A7ABDA}.Release|Any CPU.ActiveCfg = Release|Any CPU
		{D5AC61C3-46FE-49C2-9283-1421A3A7ABDA}.Release|Any CPU.Build.0 = Release|Any CPU
		{D5AC61C3-46FE-49C2-9283-1421A3A7ABDA}.Release|x64.ActiveCfg = Release|Any CPU
		{D5AC61C3-46FE-49C2-9283-1421A3A7ABDA}.Release|x64.Build.0 = Release|Any CPU
		{D5AC61C3-46FE-49C2-9283-1421A3A7ABDA}.Release|x86.ActiveCfg = Release|Any CPU
		{D5AC61C3-46FE-49C2-9283-1421A3A7ABDA}.Release|x86.Build.0 = Release|Any CPU
		{ECD58EAB-742A-4390-985F-0A01A9F7948D}.Debug|Any CPU.ActiveCfg = Debug|Any CPU
		{ECD58EAB-742A-4390-985F-0A01A9F7948D}.Debug|Any CPU.Build.0 = Debug|Any CPU
		{ECD58EAB-742A-4390-985F-0A01A9F7948D}.Debug|x64.ActiveCfg = Debug|Any CPU
		{ECD58EAB-742A-4390-985F-0A01A9F7948D}.Debug|x64.Build.0 = Debug|Any CPU
		{ECD58EAB-742A-4390-985F-0A01A9F7948D}.Debug|x86.ActiveCfg = Debug|Any CPU
		{ECD58EAB-742A-4390-985F-0A01A9F7948D}.Debug|x86.Build.0 = Debug|Any CPU
		{ECD58EAB-742A-4390-985F-0A01A9F7948D}.Release|Any CPU.ActiveCfg = Release|Any CPU
		{ECD58EAB-742A-4390-985F-0A01A9F7948D}.Release|Any CPU.Build.0 = Release|Any CPU
		{ECD58EAB-742A-4390-985F-0A01A9F7948D}.Release|x64.ActiveCfg = Release|Any CPU
		{ECD58EAB-742A-4390-985F-0A01A9F7948D}.Release|x64.Build.0 = Release|Any CPU
		{ECD58EAB-742A-4390-985F-0A01A9F7948D}.Release|x86.ActiveCfg = Release|Any CPU
		{ECD58EAB-742A-4390-985F-0A01A9F7948D}.Release|x86.Build.0 = Release|Any CPU
		{E3EBADA7-7B9A-46F6-8424-C0AF05064F5B}.Debug|Any CPU.ActiveCfg = Debug|Any CPU
		{E3EBADA7-7B9A-46F6-8424-C0AF05064F5B}.Debug|Any CPU.Build.0 = Debug|Any CPU
		{E3EBADA7-7B9A-46F6-8424-C0AF05064F5B}.Debug|x64.ActiveCfg = Debug|Any CPU
		{E3EBADA7-7B9A-46F6-8424-C0AF05064F5B}.Debug|x64.Build.0 = Debug|Any CPU
		{E3EBADA7-7B9A-46F6-8424-C0AF05064F5B}.Debug|x86.ActiveCfg = Debug|Any CPU
		{E3EBADA7-7B9A-46F6-8424-C0AF05064F5B}.Debug|x86.Build.0 = Debug|Any CPU
		{E3EBADA7-7B9A-46F6-8424-C0AF05064F5B}.Release|Any CPU.ActiveCfg = Release|Any CPU
		{E3EBADA7-7B9A-46F6-8424-C0AF05064F5B}.Release|Any CPU.Build.0 = Release|Any CPU
		{E3EBADA7-7B9A-46F6-8424-C0AF05064F5B}.Release|x64.ActiveCfg = Release|Any CPU
		{E3EBADA7-7B9A-46F6-8424-C0AF05064F5B}.Release|x64.Build.0 = Release|Any CPU
		{E3EBADA7-7B9A-46F6-8424-C0AF05064F5B}.Release|x86.ActiveCfg = Release|Any CPU
		{E3EBADA7-7B9A-46F6-8424-C0AF05064F5B}.Release|x86.Build.0 = Release|Any CPU
		{94FC18BA-9BED-46AE-B93B-4A3DCDA66E1F}.Debug|Any CPU.ActiveCfg = Debug|Any CPU
		{94FC18BA-9BED-46AE-B93B-4A3DCDA66E1F}.Debug|Any CPU.Build.0 = Debug|Any CPU
		{94FC18BA-9BED-46AE-B93B-4A3DCDA66E1F}.Debug|x64.ActiveCfg = Debug|Any CPU
		{94FC18BA-9BED-46AE-B93B-4A3DCDA66E1F}.Debug|x64.Build.0 = Debug|Any CPU
		{94FC18BA-9BED-46AE-B93B-4A3DCDA66E1F}.Debug|x86.ActiveCfg = Debug|Any CPU
		{94FC18BA-9BED-46AE-B93B-4A3DCDA66E1F}.Debug|x86.Build.0 = Debug|Any CPU
		{94FC18BA-9BED-46AE-B93B-4A3DCDA66E1F}.Release|Any CPU.ActiveCfg = Release|Any CPU
		{94FC18BA-9BED-46AE-B93B-4A3DCDA66E1F}.Release|Any CPU.Build.0 = Release|Any CPU
		{94FC18BA-9BED-46AE-B93B-4A3DCDA66E1F}.Release|x64.ActiveCfg = Release|Any CPU
		{94FC18BA-9BED-46AE-B93B-4A3DCDA66E1F}.Release|x64.Build.0 = Release|Any CPU
		{94FC18BA-9BED-46AE-B93B-4A3DCDA66E1F}.Release|x86.ActiveCfg = Release|Any CPU
		{94FC18BA-9BED-46AE-B93B-4A3DCDA66E1F}.Release|x86.Build.0 = Release|Any CPU
		{052C38D6-B00A-439E-84B7-6105FA75C9D2}.Debug|Any CPU.ActiveCfg = Debug|Any CPU
		{052C38D6-B00A-439E-84B7-6105FA75C9D2}.Debug|Any CPU.Build.0 = Debug|Any CPU
		{052C38D6-B00A-439E-84B7-6105FA75C9D2}.Debug|x64.ActiveCfg = Debug|Any CPU
		{052C38D6-B00A-439E-84B7-6105FA75C9D2}.Debug|x64.Build.0 = Debug|Any CPU
		{052C38D6-B00A-439E-84B7-6105FA75C9D2}.Debug|x86.ActiveCfg = Debug|Any CPU
		{052C38D6-B00A-439E-84B7-6105FA75C9D2}.Debug|x86.Build.0 = Debug|Any CPU
		{052C38D6-B00A-439E-84B7-6105FA75C9D2}.Release|Any CPU.ActiveCfg = Release|Any CPU
		{052C38D6-B00A-439E-84B7-6105FA75C9D2}.Release|Any CPU.Build.0 = Release|Any CPU
		{052C38D6-B00A-439E-84B7-6105FA75C9D2}.Release|x64.ActiveCfg = Release|Any CPU
		{052C38D6-B00A-439E-84B7-6105FA75C9D2}.Release|x64.Build.0 = Release|Any CPU
		{052C38D6-B00A-439E-84B7-6105FA75C9D2}.Release|x86.ActiveCfg = Release|Any CPU
		{052C38D6-B00A-439E-84B7-6105FA75C9D2}.Release|x86.Build.0 = Release|Any CPU
		{D7F8ED9C-0B22-4F5E-9243-835AD73F5915}.Debug|Any CPU.ActiveCfg = Debug|Any CPU
		{D7F8ED9C-0B22-4F5E-9243-835AD73F5915}.Debug|Any CPU.Build.0 = Debug|Any CPU
		{D7F8ED9C-0B22-4F5E-9243-835AD73F5915}.Debug|x64.ActiveCfg = Debug|Any CPU
		{D7F8ED9C-0B22-4F5E-9243-835AD73F5915}.Debug|x64.Build.0 = Debug|Any CPU
		{D7F8ED9C-0B22-4F5E-9243-835AD73F5915}.Debug|x86.ActiveCfg = Debug|Any CPU
		{D7F8ED9C-0B22-4F5E-9243-835AD73F5915}.Debug|x86.Build.0 = Debug|Any CPU
		{D7F8ED9C-0B22-4F5E-9243-835AD73F5915}.Release|Any CPU.ActiveCfg = Release|Any CPU
		{D7F8ED9C-0B22-4F5E-9243-835AD73F5915}.Release|Any CPU.Build.0 = Release|Any CPU
		{D7F8ED9C-0B22-4F5E-9243-835AD73F5915}.Release|x64.ActiveCfg = Release|Any CPU
		{D7F8ED9C-0B22-4F5E-9243-835AD73F5915}.Release|x64.Build.0 = Release|Any CPU
		{D7F8ED9C-0B22-4F5E-9243-835AD73F5915}.Release|x86.ActiveCfg = Release|Any CPU
		{D7F8ED9C-0B22-4F5E-9243-835AD73F5915}.Release|x86.Build.0 = Release|Any CPU
		{C463EC79-875D-4BA5-9F39-B1751227F824}.Debug|Any CPU.ActiveCfg = Debug|Any CPU
		{C463EC79-875D-4BA5-9F39-B1751227F824}.Debug|Any CPU.Build.0 = Debug|Any CPU
		{C463EC79-875D-4BA5-9F39-B1751227F824}.Debug|x64.ActiveCfg = Debug|Any CPU
		{C463EC79-875D-4BA5-9F39-B1751227F824}.Debug|x64.Build.0 = Debug|Any CPU
		{C463EC79-875D-4BA5-9F39-B1751227F824}.Debug|x86.ActiveCfg = Debug|Any CPU
		{C463EC79-875D-4BA5-9F39-B1751227F824}.Debug|x86.Build.0 = Debug|Any CPU
		{C463EC79-875D-4BA5-9F39-B1751227F824}.Release|Any CPU.ActiveCfg = Release|Any CPU
		{C463EC79-875D-4BA5-9F39-B1751227F824}.Release|Any CPU.Build.0 = Release|Any CPU
		{C463EC79-875D-4BA5-9F39-B1751227F824}.Release|x64.ActiveCfg = Release|Any CPU
		{C463EC79-875D-4BA5-9F39-B1751227F824}.Release|x64.Build.0 = Release|Any CPU
		{C463EC79-875D-4BA5-9F39-B1751227F824}.Release|x86.ActiveCfg = Release|Any CPU
		{C463EC79-875D-4BA5-9F39-B1751227F824}.Release|x86.Build.0 = Release|Any CPU
		{3DE839E8-1774-4360-90D0-B69B5854D721}.Debug|Any CPU.ActiveCfg = Debug|Any CPU
		{3DE839E8-1774-4360-90D0-B69B5854D721}.Debug|Any CPU.Build.0 = Debug|Any CPU
		{3DE839E8-1774-4360-90D0-B69B5854D721}.Debug|x64.ActiveCfg = Debug|Any CPU
		{3DE839E8-1774-4360-90D0-B69B5854D721}.Debug|x64.Build.0 = Debug|Any CPU
		{3DE839E8-1774-4360-90D0-B69B5854D721}.Debug|x86.ActiveCfg = Debug|Any CPU
		{3DE839E8-1774-4360-90D0-B69B5854D721}.Debug|x86.Build.0 = Debug|Any CPU
		{3DE839E8-1774-4360-90D0-B69B5854D721}.Release|Any CPU.ActiveCfg = Release|Any CPU
		{3DE839E8-1774-4360-90D0-B69B5854D721}.Release|Any CPU.Build.0 = Release|Any CPU
		{3DE839E8-1774-4360-90D0-B69B5854D721}.Release|x64.ActiveCfg = Release|Any CPU
		{3DE839E8-1774-4360-90D0-B69B5854D721}.Release|x64.Build.0 = Release|Any CPU
		{3DE839E8-1774-4360-90D0-B69B5854D721}.Release|x86.ActiveCfg = Release|Any CPU
		{3DE839E8-1774-4360-90D0-B69B5854D721}.Release|x86.Build.0 = Release|Any CPU
		{F799AE1E-1988-4516-8E42-5DEA8E2F1EAA}.Debug|Any CPU.ActiveCfg = Debug|Any CPU
		{F799AE1E-1988-4516-8E42-5DEA8E2F1EAA}.Debug|Any CPU.Build.0 = Debug|Any CPU
		{F799AE1E-1988-4516-8E42-5DEA8E2F1EAA}.Debug|x64.ActiveCfg = Debug|Any CPU
		{F799AE1E-1988-4516-8E42-5DEA8E2F1EAA}.Debug|x64.Build.0 = Debug|Any CPU
		{F799AE1E-1988-4516-8E42-5DEA8E2F1EAA}.Debug|x86.ActiveCfg = Debug|Any CPU
		{F799AE1E-1988-4516-8E42-5DEA8E2F1EAA}.Debug|x86.Build.0 = Debug|Any CPU
		{F799AE1E-1988-4516-8E42-5DEA8E2F1EAA}.Release|Any CPU.ActiveCfg = Release|Any CPU
		{F799AE1E-1988-4516-8E42-5DEA8E2F1EAA}.Release|Any CPU.Build.0 = Release|Any CPU
		{F799AE1E-1988-4516-8E42-5DEA8E2F1EAA}.Release|x64.ActiveCfg = Release|Any CPU
		{F799AE1E-1988-4516-8E42-5DEA8E2F1EAA}.Release|x64.Build.0 = Release|Any CPU
		{F799AE1E-1988-4516-8E42-5DEA8E2F1EAA}.Release|x86.ActiveCfg = Release|Any CPU
		{F799AE1E-1988-4516-8E42-5DEA8E2F1EAA}.Release|x86.Build.0 = Release|Any CPU
		{ECD5B8E7-C72D-4B63-92A6-95D6810487D0}.Debug|Any CPU.ActiveCfg = Debug|Any CPU
		{ECD5B8E7-C72D-4B63-92A6-95D6810487D0}.Debug|Any CPU.Build.0 = Debug|Any CPU
		{ECD5B8E7-C72D-4B63-92A6-95D6810487D0}.Debug|x64.ActiveCfg = Debug|Any CPU
		{ECD5B8E7-C72D-4B63-92A6-95D6810487D0}.Debug|x64.Build.0 = Debug|Any CPU
		{ECD5B8E7-C72D-4B63-92A6-95D6810487D0}.Debug|x86.ActiveCfg = Debug|Any CPU
		{ECD5B8E7-C72D-4B63-92A6-95D6810487D0}.Debug|x86.Build.0 = Debug|Any CPU
		{ECD5B8E7-C72D-4B63-92A6-95D6810487D0}.Release|Any CPU.ActiveCfg = Release|Any CPU
		{ECD5B8E7-C72D-4B63-92A6-95D6810487D0}.Release|Any CPU.Build.0 = Release|Any CPU
		{ECD5B8E7-C72D-4B63-92A6-95D6810487D0}.Release|x64.ActiveCfg = Release|Any CPU
		{ECD5B8E7-C72D-4B63-92A6-95D6810487D0}.Release|x64.Build.0 = Release|Any CPU
		{ECD5B8E7-C72D-4B63-92A6-95D6810487D0}.Release|x86.ActiveCfg = Release|Any CPU
		{ECD5B8E7-C72D-4B63-92A6-95D6810487D0}.Release|x86.Build.0 = Release|Any CPU
		{E0D644C7-58AF-43F1-A936-A31140274E3E}.Debug|Any CPU.ActiveCfg = Debug|Any CPU
		{E0D644C7-58AF-43F1-A936-A31140274E3E}.Debug|Any CPU.Build.0 = Debug|Any CPU
		{E0D644C7-58AF-43F1-A936-A31140274E3E}.Debug|x64.ActiveCfg = Debug|Any CPU
		{E0D644C7-58AF-43F1-A936-A31140274E3E}.Debug|x64.Build.0 = Debug|Any CPU
		{E0D644C7-58AF-43F1-A936-A31140274E3E}.Debug|x86.ActiveCfg = Debug|Any CPU
		{E0D644C7-58AF-43F1-A936-A31140274E3E}.Debug|x86.Build.0 = Debug|Any CPU
		{E0D644C7-58AF-43F1-A936-A31140274E3E}.Release|Any CPU.ActiveCfg = Release|Any CPU
		{E0D644C7-58AF-43F1-A936-A31140274E3E}.Release|Any CPU.Build.0 = Release|Any CPU
		{E0D644C7-58AF-43F1-A936-A31140274E3E}.Release|x64.ActiveCfg = Release|Any CPU
		{E0D644C7-58AF-43F1-A936-A31140274E3E}.Release|x64.Build.0 = Release|Any CPU
		{E0D644C7-58AF-43F1-A936-A31140274E3E}.Release|x86.ActiveCfg = Release|Any CPU
		{E0D644C7-58AF-43F1-A936-A31140274E3E}.Release|x86.Build.0 = Release|Any CPU
		{5B3CC871-4B1B-41B9-80C1-E2B793CBE661}.Debug|Any CPU.ActiveCfg = Debug|Any CPU
		{5B3CC871-4B1B-41B9-80C1-E2B793CBE661}.Debug|Any CPU.Build.0 = Debug|Any CPU
		{5B3CC871-4B1B-41B9-80C1-E2B793CBE661}.Debug|x64.ActiveCfg = Debug|Any CPU
		{5B3CC871-4B1B-41B9-80C1-E2B793CBE661}.Debug|x64.Build.0 = Debug|Any CPU
		{5B3CC871-4B1B-41B9-80C1-E2B793CBE661}.Debug|x86.ActiveCfg = Debug|Any CPU
		{5B3CC871-4B1B-41B9-80C1-E2B793CBE661}.Debug|x86.Build.0 = Debug|Any CPU
		{5B3CC871-4B1B-41B9-80C1-E2B793CBE661}.Release|Any CPU.ActiveCfg = Release|Any CPU
		{5B3CC871-4B1B-41B9-80C1-E2B793CBE661}.Release|Any CPU.Build.0 = Release|Any CPU
		{5B3CC871-4B1B-41B9-80C1-E2B793CBE661}.Release|x64.ActiveCfg = Release|Any CPU
		{5B3CC871-4B1B-41B9-80C1-E2B793CBE661}.Release|x64.Build.0 = Release|Any CPU
		{5B3CC871-4B1B-41B9-80C1-E2B793CBE661}.Release|x86.ActiveCfg = Release|Any CPU
		{5B3CC871-4B1B-41B9-80C1-E2B793CBE661}.Release|x86.Build.0 = Release|Any CPU
		{14CB976C-8E23-43BC-A9A7-4F642079CD80}.Debug|Any CPU.ActiveCfg = Debug|Any CPU
		{14CB976C-8E23-43BC-A9A7-4F642079CD80}.Debug|Any CPU.Build.0 = Debug|Any CPU
		{14CB976C-8E23-43BC-A9A7-4F642079CD80}.Debug|x64.ActiveCfg = Debug|Any CPU
		{14CB976C-8E23-43BC-A9A7-4F642079CD80}.Debug|x64.Build.0 = Debug|Any CPU
		{14CB976C-8E23-43BC-A9A7-4F642079CD80}.Debug|x86.ActiveCfg = Debug|Any CPU
		{14CB976C-8E23-43BC-A9A7-4F642079CD80}.Debug|x86.Build.0 = Debug|Any CPU
		{14CB976C-8E23-43BC-A9A7-4F642079CD80}.Release|Any CPU.ActiveCfg = Release|Any CPU
		{14CB976C-8E23-43BC-A9A7-4F642079CD80}.Release|Any CPU.Build.0 = Release|Any CPU
		{14CB976C-8E23-43BC-A9A7-4F642079CD80}.Release|x64.ActiveCfg = Release|Any CPU
		{14CB976C-8E23-43BC-A9A7-4F642079CD80}.Release|x64.Build.0 = Release|Any CPU
		{14CB976C-8E23-43BC-A9A7-4F642079CD80}.Release|x86.ActiveCfg = Release|Any CPU
		{14CB976C-8E23-43BC-A9A7-4F642079CD80}.Release|x86.Build.0 = Release|Any CPU
		{B776FD2B-50CC-48E1-B64F-023C7E3F9857}.Debug|Any CPU.ActiveCfg = Debug|Any CPU
		{B776FD2B-50CC-48E1-B64F-023C7E3F9857}.Debug|Any CPU.Build.0 = Debug|Any CPU
		{B776FD2B-50CC-48E1-B64F-023C7E3F9857}.Debug|x64.ActiveCfg = Debug|Any CPU
		{B776FD2B-50CC-48E1-B64F-023C7E3F9857}.Debug|x64.Build.0 = Debug|Any CPU
		{B776FD2B-50CC-48E1-B64F-023C7E3F9857}.Debug|x86.ActiveCfg = Debug|Any CPU
		{B776FD2B-50CC-48E1-B64F-023C7E3F9857}.Debug|x86.Build.0 = Debug|Any CPU
		{B776FD2B-50CC-48E1-B64F-023C7E3F9857}.Release|Any CPU.ActiveCfg = Release|Any CPU
		{B776FD2B-50CC-48E1-B64F-023C7E3F9857}.Release|Any CPU.Build.0 = Release|Any CPU
		{B776FD2B-50CC-48E1-B64F-023C7E3F9857}.Release|x64.ActiveCfg = Release|Any CPU
		{B776FD2B-50CC-48E1-B64F-023C7E3F9857}.Release|x64.Build.0 = Release|Any CPU
		{B776FD2B-50CC-48E1-B64F-023C7E3F9857}.Release|x86.ActiveCfg = Release|Any CPU
		{B776FD2B-50CC-48E1-B64F-023C7E3F9857}.Release|x86.Build.0 = Release|Any CPU
		{6DBBCF44-7303-4F40-BC72-6D3740D51AC7}.Debug|Any CPU.ActiveCfg = Debug|Any CPU
		{6DBBCF44-7303-4F40-BC72-6D3740D51AC7}.Debug|Any CPU.Build.0 = Debug|Any CPU
		{6DBBCF44-7303-4F40-BC72-6D3740D51AC7}.Debug|x64.ActiveCfg = Debug|Any CPU
		{6DBBCF44-7303-4F40-BC72-6D3740D51AC7}.Debug|x64.Build.0 = Debug|Any CPU
		{6DBBCF44-7303-4F40-BC72-6D3740D51AC7}.Debug|x86.ActiveCfg = Debug|Any CPU
		{6DBBCF44-7303-4F40-BC72-6D3740D51AC7}.Debug|x86.Build.0 = Debug|Any CPU
		{6DBBCF44-7303-4F40-BC72-6D3740D51AC7}.Release|Any CPU.ActiveCfg = Release|Any CPU
		{6DBBCF44-7303-4F40-BC72-6D3740D51AC7}.Release|Any CPU.Build.0 = Release|Any CPU
		{6DBBCF44-7303-4F40-BC72-6D3740D51AC7}.Release|x64.ActiveCfg = Release|Any CPU
		{6DBBCF44-7303-4F40-BC72-6D3740D51AC7}.Release|x64.Build.0 = Release|Any CPU
		{6DBBCF44-7303-4F40-BC72-6D3740D51AC7}.Release|x86.ActiveCfg = Release|Any CPU
		{6DBBCF44-7303-4F40-BC72-6D3740D51AC7}.Release|x86.Build.0 = Release|Any CPU
		{C6D83C55-D579-4137-94F0-1B3820C49E68}.Debug|Any CPU.ActiveCfg = Debug|Any CPU
		{C6D83C55-D579-4137-94F0-1B3820C49E68}.Debug|Any CPU.Build.0 = Debug|Any CPU
		{C6D83C55-D579-4137-94F0-1B3820C49E68}.Debug|x64.ActiveCfg = Debug|Any CPU
		{C6D83C55-D579-4137-94F0-1B3820C49E68}.Debug|x64.Build.0 = Debug|Any CPU
		{C6D83C55-D579-4137-94F0-1B3820C49E68}.Debug|x86.ActiveCfg = Debug|Any CPU
		{C6D83C55-D579-4137-94F0-1B3820C49E68}.Debug|x86.Build.0 = Debug|Any CPU
		{C6D83C55-D579-4137-94F0-1B3820C49E68}.Release|Any CPU.ActiveCfg = Release|Any CPU
		{C6D83C55-D579-4137-94F0-1B3820C49E68}.Release|Any CPU.Build.0 = Release|Any CPU
		{C6D83C55-D579-4137-94F0-1B3820C49E68}.Release|x64.ActiveCfg = Release|Any CPU
		{C6D83C55-D579-4137-94F0-1B3820C49E68}.Release|x64.Build.0 = Release|Any CPU
		{C6D83C55-D579-4137-94F0-1B3820C49E68}.Release|x86.ActiveCfg = Release|Any CPU
		{C6D83C55-D579-4137-94F0-1B3820C49E68}.Release|x86.Build.0 = Release|Any CPU
		{FE3A8F04-8D6B-4436-A0E0-F845FCDB067B}.Debug|Any CPU.ActiveCfg = Debug|Any CPU
		{FE3A8F04-8D6B-4436-A0E0-F845FCDB067B}.Debug|Any CPU.Build.0 = Debug|Any CPU
		{FE3A8F04-8D6B-4436-A0E0-F845FCDB067B}.Debug|x64.ActiveCfg = Debug|Any CPU
		{FE3A8F04-8D6B-4436-A0E0-F845FCDB067B}.Debug|x64.Build.0 = Debug|Any CPU
		{FE3A8F04-8D6B-4436-A0E0-F845FCDB067B}.Debug|x86.ActiveCfg = Debug|Any CPU
		{FE3A8F04-8D6B-4436-A0E0-F845FCDB067B}.Debug|x86.Build.0 = Debug|Any CPU
		{FE3A8F04-8D6B-4436-A0E0-F845FCDB067B}.Release|Any CPU.ActiveCfg = Release|Any CPU
		{FE3A8F04-8D6B-4436-A0E0-F845FCDB067B}.Release|Any CPU.Build.0 = Release|Any CPU
		{FE3A8F04-8D6B-4436-A0E0-F845FCDB067B}.Release|x64.ActiveCfg = Release|Any CPU
		{FE3A8F04-8D6B-4436-A0E0-F845FCDB067B}.Release|x64.Build.0 = Release|Any CPU
		{FE3A8F04-8D6B-4436-A0E0-F845FCDB067B}.Release|x86.ActiveCfg = Release|Any CPU
		{FE3A8F04-8D6B-4436-A0E0-F845FCDB067B}.Release|x86.Build.0 = Release|Any CPU
	EndGlobalSection
	GlobalSection(SolutionProperties) = preSolution
		HideSolutionNode = FALSE
	EndGlobalSection
	GlobalSection(NestedProjects) = preSolution
		{984BB9B3-3FA3-BE33-9484-CAC21695A33C} = {827E0CD3-B72D-47B6-A68D-7590B98EB39B}
		{C91C1CF1-1625-0789-F869-53D87D6277BA} = {984BB9B3-3FA3-BE33-9484-CAC21695A33C}
		{A06AE9B0-071D-41DB-AC7F-7B446451D7CA} = {C91C1CF1-1625-0789-F869-53D87D6277BA}
		{13952B9C-B6E7-44F2-975D-CE4A0C80B143} = {C91C1CF1-1625-0789-F869-53D87D6277BA}
		{975FF60D-5EC0-4B69-B0BC-D9DBD73E0384} = {C91C1CF1-1625-0789-F869-53D87D6277BA}
		{38589E81-A6A3-4105-BC1B-E8269C1C1F92} = {C91C1CF1-1625-0789-F869-53D87D6277BA}
		{B851199A-4979-E597-3D50-97AC5992BBAF} = {984BB9B3-3FA3-BE33-9484-CAC21695A33C}
		{942BC7CD-7539-407B-BD5A-DA593051F474} = {B851199A-4979-E597-3D50-97AC5992BBAF}
		{D81F93E8-64B8-4B85-9E90-C8252AAEBEAF} = {B851199A-4979-E597-3D50-97AC5992BBAF}
		{C91048A3-D24D-4213-94F5-BA7B033A24CF} = {B851199A-4979-E597-3D50-97AC5992BBAF}
		{0555AB04-85A0-486A-9531-04E5B94C921C} = {B851199A-4979-E597-3D50-97AC5992BBAF}
		{CA15E31E-CB60-F235-5CDF-2E527A86A72C} = {984BB9B3-3FA3-BE33-9484-CAC21695A33C}
		{0CA77990-8892-4152-B20B-CFF86FD2D697} = {CA15E31E-CB60-F235-5CDF-2E527A86A72C}
		{5A73AFBB-CD57-4598-94FE-1DD42D2C1478} = {CA15E31E-CB60-F235-5CDF-2E527A86A72C}
		{D2831C9D-93E4-421D-9F2A-C3D5C98795FE} = {CA15E31E-CB60-F235-5CDF-2E527A86A72C}
		{D5AC61C3-46FE-49C2-9283-1421A3A7ABDA} = {CA15E31E-CB60-F235-5CDF-2E527A86A72C}
		{A9FD33CB-8A89-53B5-8D69-74AB4C88B43A} = {984BB9B3-3FA3-BE33-9484-CAC21695A33C}
		{ECD58EAB-742A-4390-985F-0A01A9F7948D} = {A9FD33CB-8A89-53B5-8D69-74AB4C88B43A}
		{E3EBADA7-7B9A-46F6-8424-C0AF05064F5B} = {A9FD33CB-8A89-53B5-8D69-74AB4C88B43A}
		{94FC18BA-9BED-46AE-B93B-4A3DCDA66E1F} = {A9FD33CB-8A89-53B5-8D69-74AB4C88B43A}
		{052C38D6-B00A-439E-84B7-6105FA75C9D2} = {A9FD33CB-8A89-53B5-8D69-74AB4C88B43A}
		{3FB03296-F262-2760-9861-73C41AF3766C} = {984BB9B3-3FA3-BE33-9484-CAC21695A33C}
		{D7F8ED9C-0B22-4F5E-9243-835AD73F5915} = {3FB03296-F262-2760-9861-73C41AF3766C}
		{C463EC79-875D-4BA5-9F39-B1751227F824} = {3FB03296-F262-2760-9861-73C41AF3766C}
		{3DE839E8-1774-4360-90D0-B69B5854D721} = {3FB03296-F262-2760-9861-73C41AF3766C}
		{F799AE1E-1988-4516-8E42-5DEA8E2F1EAA} = {3FB03296-F262-2760-9861-73C41AF3766C}
		{1BFC9479-12BF-35C3-06B8-42D89D95092B} = {984BB9B3-3FA3-BE33-9484-CAC21695A33C}
		{ECD5B8E7-C72D-4B63-92A6-95D6810487D0} = {1BFC9479-12BF-35C3-06B8-42D89D95092B}
		{E0D644C7-58AF-43F1-A936-A31140274E3E} = {1BFC9479-12BF-35C3-06B8-42D89D95092B}
		{5B3CC871-4B1B-41B9-80C1-E2B793CBE661} = {1BFC9479-12BF-35C3-06B8-42D89D95092B}
		{14CB976C-8E23-43BC-A9A7-4F642079CD80} = {1BFC9479-12BF-35C3-06B8-42D89D95092B}
		{C5FBE174-8E0F-F5A3-B929-8BD0C55C0A32} = {984BB9B3-3FA3-BE33-9484-CAC21695A33C}
		{B776FD2B-50CC-48E1-B64F-023C7E3F9857} = {C5FBE174-8E0F-F5A3-B929-8BD0C55C0A32}
		{6DBBCF44-7303-4F40-BC72-6D3740D51AC7} = {C5FBE174-8E0F-F5A3-B929-8BD0C55C0A32}
		{C6D83C55-D579-4137-94F0-1B3820C49E68} = {C5FBE174-8E0F-F5A3-B929-8BD0C55C0A32}
		{FE3A8F04-8D6B-4436-A0E0-F845FCDB067B} = {C5FBE174-8E0F-F5A3-B929-8BD0C55C0A32}
	EndGlobalSection
EndGlobal
